{
  "name": "eyereminder",
  "version": "1.0.0",
  "lockfileVersion": 1,
  "requires": true,
  "dependencies": {
    "humanize-duration": {
      "version": "3.23.1",
      "resolved": "https://registry.npmjs.org/humanize-duration/-/humanize-duration-3.23.1.tgz",
      "integrity": "sha512-aoOEkomAETmVuQyBx4E7/LfPlC9s8pAA/USl7vFRQpDjepo3aiyvFfOhtXSDqPowdBVPFUZ7onG/KyuolX0qPg=="
    }
  }
}
